
Microsoft Visual Studio Solution File, Format Version 12.00
# Visual Studio Version 16
VisualStudioVersion = 16.0.33529.622
MinimumVisualStudioVersion = 10.0.40219.1
Project("{FAE04EC0-301F-11D3-BF4B-00C04F79EFBC}") = "QuanLyNhanSu", "QuanLyNhanSu.csproj", "{AF0DBE94-D1A4-457C-9AAB-EA795309EFDC}"
EndProject
Global
	GlobalSection(SolutionConfigurationPlatforms) = preSolution
		Debug|Any CPU = Debug|Any CPU
		Release|Any CPU = Release|Any CPU
	EndGlobalSection
	GlobalSection(ProjectConfigurationPlatforms) = postSolution
		{AF0DBE94-D1A4-457C-9AAB-EA795309EFDC}.Debug|Any CPU.ActiveCfg = Debug|Any CPU
		{AF0DBE94-D1A4-457C-9AAB-EA795309EFDC}.Debug|Any CPU.Build.0 = Debug|Any CPU
		{AF0DBE94-D1A4-457C-9AAB-EA795309EFDC}.Release|Any CPU.ActiveCfg = Release|Any CPU
		{AF0DBE94-D1A4-457C-9AAB-EA795309EFDC}.Release|Any CPU.Build.0 = Release|Any CPU
	EndGlobalSection
	GlobalSection(SolutionProperties) = preSolution
		HideSolutionNode = FALSE
	EndGlobalSection
	GlobalSection(ExtensibilityGlobals) = postSolution
		SolutionGuid = {0E234028-8641-43AA-815F-E7AE1880193C}
	EndGlobalSection
EndGlobal
